
Microsoft Visual Studio Solution File, Format Version 12.00
# Visual Studio Version 16
VisualStudioVersion = 16.0.32106.194
MinimumVisualStudioVersion = 10.0.40219.1
Project("{FAE04EC0-301F-11D3-BF4B-00C04F79EFBC}") = "MathQuiz", "MathQuiz\MathQuiz.csproj", "{C198A4E8-DF6B-4678-A675-9EF409522015}"
EndProject
Global
	GlobalSection(SolutionConfigurationPlatforms) = preSolution
		Debug|Any CPU = Debug|Any CPU
		Release|Any CPU = Release|Any CPU
	EndGlobalSection
	GlobalSection(ProjectConfigurationPlatforms) = postSolution
		{C198A4E8-DF6B-4678-A675-9EF409522015}.Debug|Any CPU.ActiveCfg = Debug|Any CPU
		{C198A4E8-DF6B-4678-A675-9EF409522015}.Debug|Any CPU.Build.0 = Debug|Any CPU
		{C198A4E8-DF6B-4678-A675-9EF409522015}.Release|Any CPU.ActiveCfg = Release|Any CPU
		{C198A4E8-DF6B-4678-A675-9EF409522015}.Release|Any CPU.Build.0 = Release|Any CPU
	EndGlobalSection
	GlobalSection(SolutionProperties) = preSolution
		HideSolutionNode = FALSE
	EndGlobalSection
	GlobalSection(ExtensibilityGlobals) = postSolution
		SolutionGuid = {99CCD0A7-5AE5-4AB5-BE0A-D86245ABDB8B}
	EndGlobalSection
EndGlobal
